
Microsoft Visual Studio Solution File, Format Version 12.00
# Visual Studio Version 16
VisualStudioVersion = 16.0.29519.181
MinimumVisualStudioVersion = 10.0.40219.1
Project("{FAE04EC0-301F-11D3-BF4B-00C04F79EFBC}") = "TurbineJobMVC", "TurbineJobMVC\TurbineJobMVC.csproj", "{CED27ECB-739F-482B-9637-81054B00ACC3}"
EndProject
Global
	GlobalSection(SolutionConfigurationPlatforms) = preSolution
		Debug|Any CPU = Debug|Any CPU
		Release|Any CPU = Release|Any CPU
	EndGlobalSection
	GlobalSection(ProjectConfigurationPlatforms) = postSolution
		{CED27ECB-739F-482B-9637-81054B00ACC3}.Debug|Any CPU.ActiveCfg = Debug|Any CPU
		{CED27ECB-739F-482B-9637-81054B00ACC3}.Debug|Any CPU.Build.0 = Debug|Any CPU
		{CED27ECB-739F-482B-9637-81054B00ACC3}.Release|Any CPU.ActiveCfg = Release|Any CPU
		{CED27ECB-739F-482B-9637-81054B00ACC3}.Release|Any CPU.Build.0 = Release|Any CPU
	EndGlobalSection
	GlobalSection(SolutionProperties) = preSolution
		HideSolutionNode = FALSE
	EndGlobalSection
	GlobalSection(ExtensibilityGlobals) = postSolution
		SolutionGuid = {AFDFB2DC-F4BA-4D86-A27C-82F1B0A5FECE}
	EndGlobalSection
EndGlobal
